<?xml version="1.0" encoding="utf-8"?>
<Project ToolsVersion="4.0" xmlns="http://schemas.microsoft.com/developer/msbuild/2003">
  <ItemGroup>
    <Filter Include="Source Files">
      <UniqueIdentifier>{4FC737F1-C7A5-4376-A066-2A32D752A2FF}</UniqueIdentifier>
      <Extensions>cpp;c;cc;cxx;c++;cppm;ixx;def;odl;idl;hpj;bat;asm;asmx</Extensions>
    </Filter>
    <Filter Include="Source Files\common">
      <UniqueIdentifier>{a1f03719-185c-48ee-a1e2-45ccdd8a8477}</UniqueIdentifier>
    </Filter>
    <Filter Include="Source Files\containers">
      <UniqueIdentifier>{45f57935-0907-499a-8e19-4c159bc30c8e}</UniqueIdentifier>
    </Filter>
    <Filter Include="Source Files\IteratorTemplate">
      <UniqueIdentifier>{0bcc4df2-6328-478e-a79a-eb2a7439166a}</UniqueIdentifier>
    </Filter>
  </ItemGroup>
  <ItemGroup>
    <ClInclude Include="public\Temp.h">
      <Filter>Source Files</Filter>
    </ClInclude>
    <ClInclude Include="public\Mem.h">
      <Filter>Source Files\common</Filter>
    </ClInclude>
    <ClInclude Include="public\Std.h">
      <Filter>Source Files\common</Filter>
    </ClInclude>
    <ClInclude Include="public\Vector.h">
      <Filter>Source Files\containers</Filter>
    </ClInclude>
    <ClInclude Include="public\IteratorTemplate.h">
      <Filter>Source Files\IteratorTemplate</Filter>
    </ClInclude>
    <ClInclude Include="public\SizeType.h">
      <Filter>Source Files\common</Filter>
    </ClInclude>
  </ItemGroup>
  <ItemGroup>
    <ClCompile Include="private\main.cpp">
      <Filter>Source Files</Filter>
    </ClCompile>
    <ClCompile Include="private\Temp.cpp">
      <Filter>Source Files</Filter>
    </ClCompile>
    <ClCompile Include="private\Mem.cpp">
      <Filter>Source Files\common</Filter>
    </ClCompile>
    <ClCompile Include="private\Std.cpp">
      <Filter>Source Files\common</Filter>
    </ClCompile>
    <ClCompile Include="private\Vector.cpp">
      <Filter>Source Files\containers</Filter>
    </ClCompile>
  </ItemGroup>
</Project>