
Microsoft Visual Studio Solution File, Format Version 12.00
# Visual Studio Version 17
VisualStudioVersion = 17.11.35327.3
MinimumVisualStudioVersion = 10.0.40219.1
Project("{8BC9CEB8-8B4A-11D0-8D11-00A0C91BC942}") = "Learning_Cote", "Learning_Cote\Learning_Cote.vcxproj", "{B72B0415-8588-4714-8369-AB5565CE9E13}"
EndProject
Global
	GlobalSection(SolutionConfigurationPlatforms) = preSolution
		Debug|x64 = Debug|x64
		Debug|x86 = Debug|x86
		Release|x64 = Release|x64
		Release|x86 = Release|x86
	EndGlobalSection
	GlobalSection(ProjectConfigurationPlatforms) = postSolution
		{B72B0415-8588-4714-8369-AB5565CE9E13}.Debug|x64.ActiveCfg = Debug|x64
		{B72B0415-8588-4714-8369-AB5565CE9E13}.Debug|x64.Build.0 = Debug|x64
		{B72B0415-8588-4714-8369-AB5565CE9E13}.Debug|x86.ActiveCfg = Debug|Win32
		{B72B0415-8588-4714-8369-AB5565CE9E13}.Debug|x86.Build.0 = Debug|Win32
		{B72B0415-8588-4714-8369-AB5565CE9E13}.Release|x64.ActiveCfg = Release|x64
		{B72B0415-8588-4714-8369-AB5565CE9E13}.Release|x64.Build.0 = Release|x64
		{B72B0415-8588-4714-8369-AB5565CE9E13}.Release|x86.ActiveCfg = Release|Win32
		{B72B0415-8588-4714-8369-AB5565CE9E13}.Release|x86.Build.0 = Release|Win32
	EndGlobalSection
	GlobalSection(SolutionProperties) = preSolution
		HideSolutionNode = FALSE
	EndGlobalSection
	GlobalSection(ExtensibilityGlobals) = postSolution
		SolutionGuid = {F01C3CEC-BCD5-4F1A-8F46-DAD716B8724D}
	EndGlobalSection
EndGlobal
