
Microsoft Visual Studio Solution File, Format Version 12.00
# Visual Studio Version 17
VisualStudioVersion = 17.11.35327.3
MinimumVisualStudioVersion = 10.0.40219.1
Project("{8BC9CEB8-8B4A-11D0-8D11-00A0C91BC942}") = "Cote_ALgorithms", "Learning_Cote\Learning_Cote.vcxproj", "{B72B0415-8588-4714-8369-AB5565CE9E13}"
EndProject
Project("{2150E333-8FDC-42A3-9474-1A3956D46DE8}") = "괜히 여기넣었다. 긴 프로젝트는 여기 넣지말자", "괜히 여기넣었다. 긴 프로젝트는 여기 넣지말자", "{02EA681E-C7D8-13C7-8484-4AC65E1B71E8}"
EndProject
Project("{8BC9CEB8-8B4A-11D0-8D11-00A0C91BC942}") = "ArithemeticInterpreter", "ArithemeticInterpreter\ArithemeticInterpreter.vcxproj", "{C7041A66-8898-4487-9729-48B3AC2BF212}"
EndProject
Project("{8BC9CEB8-8B4A-11D0-8D11-00A0C91BC942}") = "ArithmeticInterpreter_DLL_Tester", "ArithmeticInterpreter_Tester\ArithmeticInterpreter_Tester.vcxproj", "{FE8E2369-297F-4691-9C19-C8C2641DC48B}"
EndProject
Project("{2150E333-8FDC-42A3-9474-1A3956D46DE8}") = "괜히여기넣었다. 이 Sln에는 앞으로 Shorts만 쓰자", "괜히여기넣었다. 이 Sln에는 앞으로 Shorts만 쓰자", "{E3732F71-1D9E-475F-94D3-DBC8041680C2}"
EndProject
Global
	GlobalSection(SolutionConfigurationPlatforms) = preSolution
		Debug|x64 = Debug|x64
		Debug|x86 = Debug|x86
		Release|x64 = Release|x64
		Release|x86 = Release|x86
	EndGlobalSection
	GlobalSection(ProjectConfigurationPlatforms) = postSolution
		{B72B0415-8588-4714-8369-AB5565CE9E13}.Debug|x64.ActiveCfg = Debug|x64
		{B72B0415-8588-4714-8369-AB5565CE9E13}.Debug|x64.Build.0 = Debug|x64
		{B72B0415-8588-4714-8369-AB5565CE9E13}.Debug|x86.ActiveCfg = Debug|Win32
		{B72B0415-8588-4714-8369-AB5565CE9E13}.Debug|x86.Build.0 = Debug|Win32
		{B72B0415-8588-4714-8369-AB5565CE9E13}.Release|x64.ActiveCfg = Release|x64
		{B72B0415-8588-4714-8369-AB5565CE9E13}.Release|x64.Build.0 = Release|x64
		{B72B0415-8588-4714-8369-AB5565CE9E13}.Release|x86.ActiveCfg = Release|Win32
		{B72B0415-8588-4714-8369-AB5565CE9E13}.Release|x86.Build.0 = Release|Win32
		{C7041A66-8898-4487-9729-48B3AC2BF212}.Debug|x64.ActiveCfg = Debug|x64
		{C7041A66-8898-4487-9729-48B3AC2BF212}.Debug|x64.Build.0 = Debug|x64
		{C7041A66-8898-4487-9729-48B3AC2BF212}.Debug|x86.ActiveCfg = Debug|Win32
		{C7041A66-8898-4487-9729-48B3AC2BF212}.Debug|x86.Build.0 = Debug|Win32
		{C7041A66-8898-4487-9729-48B3AC2BF212}.Release|x64.ActiveCfg = Release|x64
		{C7041A66-8898-4487-9729-48B3AC2BF212}.Release|x64.Build.0 = Release|x64
		{C7041A66-8898-4487-9729-48B3AC2BF212}.Release|x86.ActiveCfg = Release|Win32
		{C7041A66-8898-4487-9729-48B3AC2BF212}.Release|x86.Build.0 = Release|Win32
		{FE8E2369-297F-4691-9C19-C8C2641DC48B}.Debug|x64.ActiveCfg = Debug|x64
		{FE8E2369-297F-4691-9C19-C8C2641DC48B}.Debug|x64.Build.0 = Debug|x64
		{FE8E2369-297F-4691-9C19-C8C2641DC48B}.Debug|x86.ActiveCfg = Debug|Win32
		{FE8E2369-297F-4691-9C19-C8C2641DC48B}.Debug|x86.Build.0 = Debug|Win32
		{FE8E2369-297F-4691-9C19-C8C2641DC48B}.Release|x64.ActiveCfg = Release|x64
		{FE8E2369-297F-4691-9C19-C8C2641DC48B}.Release|x64.Build.0 = Release|x64
		{FE8E2369-297F-4691-9C19-C8C2641DC48B}.Release|x86.ActiveCfg = Release|Win32
		{FE8E2369-297F-4691-9C19-C8C2641DC48B}.Release|x86.Build.0 = Release|Win32
	EndGlobalSection
	GlobalSection(SolutionProperties) = preSolution
		HideSolutionNode = FALSE
	EndGlobalSection
	GlobalSection(NestedProjects) = preSolution
		{C7041A66-8898-4487-9729-48B3AC2BF212} = {E3732F71-1D9E-475F-94D3-DBC8041680C2}
		{FE8E2369-297F-4691-9C19-C8C2641DC48B} = {E3732F71-1D9E-475F-94D3-DBC8041680C2}
		{E3732F71-1D9E-475F-94D3-DBC8041680C2} = {02EA681E-C7D8-13C7-8484-4AC65E1B71E8}
	EndGlobalSection
	GlobalSection(ExtensibilityGlobals) = postSolution
		SolutionGuid = {F01C3CEC-BCD5-4F1A-8F46-DAD716B8724D}
	EndGlobalSection
EndGlobal
