<?xml version="1.0" encoding="utf-8"?>
<Project ToolsVersion="4.0" xmlns="http://schemas.microsoft.com/developer/msbuild/2003">
  <ItemGroup>
    <Filter Include="Source Files">
      <UniqueIdentifier>{4FC737F1-C7A5-4376-A066-2A32D752A2FF}</UniqueIdentifier>
      <Extensions>cpp;c;cc;cxx;c++;cppm;ixx;def;odl;idl;hpj;bat;asm;asmx</Extensions>
    </Filter>
    <Filter Include="Source Files\04. 필수문법">
      <UniqueIdentifier>{55e2980c-e529-495b-9ff1-7798eee64a16}</UniqueIdentifier>
    </Filter>
    <Filter Include="Source Files\04. 필수문법\추가">
      <UniqueIdentifier>{9adc5fc6-2bef-4585-aee6-8d0fb2de4f3e}</UniqueIdentifier>
    </Filter>
    <Filter Include="Source Files\06.스택">
      <UniqueIdentifier>{b5377a67-92d1-4ae0-8b30-be86e2e0d9ae}</UniqueIdentifier>
    </Filter>
    <Filter Include="Source Files\05.배열">
      <UniqueIdentifier>{62ff63f6-c7ca-494d-ada8-13a47becca1f}</UniqueIdentifier>
    </Filter>
    <Filter Include="Source Files\05.배열\실습">
      <UniqueIdentifier>{0ae925f9-8c99-4257-9140-f09e46c9b1ce}</UniqueIdentifier>
    </Filter>
    <Filter Include="Source Files\05.배열\알고리즘">
      <UniqueIdentifier>{00d785e6-a861-43b7-b646-f15d79b05613}</UniqueIdentifier>
    </Filter>
    <Filter Include="Source Files\06.스택\실습">
      <UniqueIdentifier>{c0480329-dcf7-4ff9-a7b9-0b832f72ddaa}</UniqueIdentifier>
    </Filter>
    <Filter Include="Source Files\07.큐">
      <UniqueIdentifier>{8e682ea6-d6bb-4ca9-a8fb-3b5e64fdfecb}</UniqueIdentifier>
    </Filter>
    <Filter Include="Source Files\07.큐\실습">
      <UniqueIdentifier>{b15e609a-dbaa-4b64-bf05-75202eb63843}</UniqueIdentifier>
    </Filter>
    <Filter Include="Source Files\07.큐\필수문법">
      <UniqueIdentifier>{ca831bc7-e0db-4753-952c-3089c408dbbf}</UniqueIdentifier>
    </Filter>
    <Filter Include="Source Files\08.해시">
      <UniqueIdentifier>{74d7cd2d-275a-4ad8-8436-0845ccfe68ba}</UniqueIdentifier>
    </Filter>
    <Filter Include="Source Files\08.해시\실습">
      <UniqueIdentifier>{f6140229-6b3f-48fb-89db-e74b68c5fb68}</UniqueIdentifier>
    </Filter>
    <Filter Include="Source Files\999.기타">
      <UniqueIdentifier>{33ea5b35-c430-40a4-af7e-8b5248ca31ad}</UniqueIdentifier>
    </Filter>
    <Filter Include="Source Files\09.트리">
      <UniqueIdentifier>{720caac8-9ec8-4e2c-b263-e65a47693ff4}</UniqueIdentifier>
    </Filter>
    <Filter Include="Source Files\09.트리\실습">
      <UniqueIdentifier>{90c88ce9-ae85-40f5-a569-d56ac67dd3fe}</UniqueIdentifier>
    </Filter>
    <Filter Include="Source Files\10.집합">
      <UniqueIdentifier>{6cef3cd2-f54b-484c-b9dd-c036b9c7cf33}</UniqueIdentifier>
    </Filter>
    <Filter Include="Source Files\11.그래프">
      <UniqueIdentifier>{3f1bbb4f-e5ae-479f-86dd-acbf62a50aa4}</UniqueIdentifier>
    </Filter>
    <Filter Include="Source Files\11.그래프\알고리즘">
      <UniqueIdentifier>{ff1d87eb-1833-45f1-a651-59532d41c357}</UniqueIdentifier>
    </Filter>
    <Filter Include="Source Files\12.백트래킹">
      <UniqueIdentifier>{da57e56e-0350-4f61-9b16-3600962ea26e}</UniqueIdentifier>
    </Filter>
    <Filter Include="Source Files\12.백트래킹\실습">
      <UniqueIdentifier>{8fcfacb2-70ed-4962-a995-0fcac501938f}</UniqueIdentifier>
    </Filter>
    <Filter Include="Source Files\13.정렬">
      <UniqueIdentifier>{2254e1e4-9842-4b19-8581-9893b6b11354}</UniqueIdentifier>
    </Filter>
    <Filter Include="Source Files\14.시뮬레이션">
      <UniqueIdentifier>{07a20915-ae4c-45f8-8649-509053da86b6}</UniqueIdentifier>
    </Filter>
    <Filter Include="Source Files\14.시뮬레이션\실습">
      <UniqueIdentifier>{3bb40cc5-427e-4ee9-b803-3162e0d9c54c}</UniqueIdentifier>
    </Filter>
    <Filter Include="Source Files\15.DP">
      <UniqueIdentifier>{8f005f3b-47c6-4f72-a6e2-ae7187106e96}</UniqueIdentifier>
    </Filter>
    <Filter Include="Source Files\15.DP\실습">
      <UniqueIdentifier>{c383c0c2-ddb9-4976-9f2c-b46db3475c94}</UniqueIdentifier>
    </Filter>
  </ItemGroup>
  <ItemGroup>
    <ClCompile Include="04.필수문법_1_문자열_기본문법.cpp">
      <Filter>Source Files\04. 필수문법</Filter>
    </ClCompile>
    <ClCompile Include="04.필수문법_2_이터레이터.cpp">
      <Filter>Source Files\04. 필수문법</Filter>
    </ClCompile>
    <ClCompile Include="04.필수문법_3_벡터_셋_맵.cpp">
      <Filter>Source Files\04. 필수문법</Filter>
    </ClCompile>
    <ClCompile Include="04.필수문법.추가_1_공백구분sstream.cpp">
      <Filter>Source Files\04. 필수문법\추가</Filter>
    </ClCompile>
    <ClCompile Include="04.필수문법_4_algorithm.cpp">
      <Filter>Source Files\04. 필수문법</Filter>
    </ClCompile>
    <ClCompile Include="05.배열.실습_1_배열_정렬하기.cpp">
      <Filter>Source Files\05.배열\실습</Filter>
    </ClCompile>
    <ClCompile Include="05.배열.실습_2_배열_제어하기.cpp">
      <Filter>Source Files\05.배열\실습</Filter>
    </ClCompile>
    <ClCompile Include="05.배열.실습_3_두_수를_뽑아서_더하기.cpp">
      <Filter>Source Files\05.배열\실습</Filter>
    </ClCompile>
    <ClCompile Include="05.배열.실습_4_모의고사.cpp">
      <Filter>Source Files\05.배열\실습</Filter>
    </ClCompile>
    <ClCompile Include="05.배열.실습_5_행렬의_곱셈.cpp">
      <Filter>Source Files\05.배열\실습</Filter>
    </ClCompile>
    <ClCompile Include="05.배열_배열알고리즘_기본_다루기.cpp">
      <Filter>Source Files\05.배열\알고리즘</Filter>
    </ClCompile>
    <ClCompile Include="05.배열.실습_5_실패율.cpp">
      <Filter>Source Files\05.배열\실습</Filter>
    </ClCompile>
    <ClCompile Include="06.스택.실습_1_괄호_짝_맞추기.cpp">
      <Filter>Source Files\06.스택\실습</Filter>
    </ClCompile>
    <ClCompile Include="06.스택_실습_2_10진수를_2진수로_변환하기.cpp">
      <Filter>Source Files\06.스택\실습</Filter>
    </ClCompile>
    <ClCompile Include="07.큐.실습_1_요세푸스문제.cpp">
      <Filter>Source Files\07.큐\실습</Filter>
    </ClCompile>
    <ClCompile Include="07.큐.필수문법.cpp">
      <Filter>Source Files\07.큐\필수문법</Filter>
    </ClCompile>
    <ClCompile Include="09.트리.실습_1_기본이진트리_Add.cpp">
      <Filter>Source Files\09.트리\실습</Filter>
    </ClCompile>
    <ClCompile Include="09.트리.실습_2_기본이진트리_Have.cpp">
      <Filter>Source Files\09.트리\실습</Filter>
    </ClCompile>
    <ClCompile Include="10.집합_집합개요코드.cpp">
      <Filter>Source Files\10.집합</Filter>
    </ClCompile>
    <ClCompile Include="11.그래프.알고리즘_기본.cpp">
      <Filter>Source Files\11.그래프\알고리즘</Filter>
    </ClCompile>
    <ClCompile Include="11.그래프.알고리즘_다익스트라알고리즘.cpp">
      <Filter>Source Files\11.그래프\알고리즘</Filter>
    </ClCompile>
    <ClCompile Include="11.그래프.알고리즘_밸만포드알고리즘.cpp">
      <Filter>Source Files\11.그래프\알고리즘</Filter>
    </ClCompile>
    <ClCompile Include="11.그래프.알고리즘_최단거리_Bfs.cpp">
      <Filter>Source Files\11.그래프\알고리즘</Filter>
    </ClCompile>
    <ClCompile Include="11.그래프.알고리즘_최단거리_Bfs_다차원.cpp">
      <Filter>Source Files\11.그래프\알고리즘</Filter>
    </ClCompile>
    <ClCompile Include="12.백트래킹.실습_1_조합구하기.cpp">
      <Filter>Source Files\12.백트래킹\실습</Filter>
    </ClCompile>
    <ClCompile Include="12.백트래킹.실습_2_스도쿠퍼즐.cpp">
      <Filter>Source Files\12.백트래킹\실습</Filter>
    </ClCompile>
    <ClCompile Include="999.기타_1_Combination.cpp">
      <Filter>Source Files\999.기타</Filter>
    </ClCompile>
    <ClCompile Include="999.기타_2_CombinationWithRepetition.cpp">
      <Filter>Source Files\999.기타</Filter>
    </ClCompile>
    <ClCompile Include="04.필수문법_5_priority_queue.cpp">
      <Filter>Source Files\04. 필수문법</Filter>
    </ClCompile>
    <ClCompile Include="14.시뮬레이션.실습_1_행렬회전.cpp">
      <Filter>Source Files\14.시뮬레이션\실습</Filter>
    </ClCompile>
    <ClCompile Include="14.시뮬레이션.실습_2_행렬곱_행렬전치.cpp">
      <Filter>Source Files\14.시뮬레이션\실습</Filter>
    </ClCompile>
    <ClCompile Include="14.시뮬레이션.실습_3_달팽이수열.cpp">
      <Filter>Source Files\14.시뮬레이션\실습</Filter>
    </ClCompile>
    <ClCompile Include="15.DP.실습_1_조약돌문제.cpp">
      <Filter>Source Files\15.DP\실습</Filter>
    </ClCompile>
    <ClCompile Include="999.기타_3_nCr_nHr.cpp">
      <Filter>Source Files\999.기타</Filter>
    </ClCompile>
  </ItemGroup>
  <ItemGroup>
    <Text Include="실습정리_배열.txt">
      <Filter>Source Files\05.배열\실습</Filter>
    </Text>
    <Text Include="실습정리_스택.txt">
      <Filter>Source Files\06.스택\실습</Filter>
    </Text>
    <Text Include="트리_정리.txt">
      <Filter>Source Files\09.트리</Filter>
    </Text>
    <Text Include="집합_정리.txt">
      <Filter>Source Files\10.집합</Filter>
    </Text>
    <Text Include="12.백트래킹_정리.txt">
      <Filter>Source Files\12.백트래킹\실습</Filter>
    </Text>
    <Text Include="13.정렬 정리.txt">
      <Filter>Source Files\13.정렬</Filter>
    </Text>
    <Text Include="sto 시리즈 정리.txt">
      <Filter>Source Files\04. 필수문법\추가</Filter>
    </Text>
    <Text Include="14.시뮬레이션_정리.txt">
      <Filter>Source Files\14.시뮬레이션</Filter>
    </Text>
  </ItemGroup>
  <ItemGroup>
    <None Include="실습_큐.text">
      <Filter>Source Files\07.큐\실습</Filter>
    </None>
  </ItemGroup>
</Project>